Microsoft Visual Studio Solution File, Format Version 12.00
# Visual Studio 15
VisualStudioVersion = 15.0.26730.10
MinimumVisualStudioVersion = 15.0.26124.0
Project("{2150E333-8FDC-42A3-9474-1A3956D46DE8}") = "src", "src", "{8E3E523D-6081-4793-9ED9-653B850F0558}"
EndProject
Project("{9A19103F-16F7-4668-BE54-9A1E7A4F7556}") = "ValiDoc", "src\ValiDoc\ValiDoc.csproj", "{AF3B8498-7352-4214-8B38-5E8EFC6C1383}"
EndProject
Project("{2150E333-8FDC-42A3-9474-1A3956D46DE8}") = "test", "test", "{8E8F4068-C3EA-4495-950A-8EA094C91A0F}"
EndProject
Project("{9A19103F-16F7-4668-BE54-9A1E7A4F7556}") = "ValiDoc.Integration.Tests", "test\ValiDoc.Integration.Tests\ValiDoc.Integration.Tests.csproj", "{340B7192-39B0-46B5-879F-DDD3DB515DAA}"
EndProject
Project("{2150E333-8FDC-42A3-9474-1A3956D46DE8}") = "Solution Items", "Solution Items", "{DBEC2356-699A-4B45-BB3E-506D5E0040C0}"
	ProjectSection(SolutionItems) = preProject
		.travis.yml = .travis.yml
		README.md = README.md
	EndProjectSection
EndProject
Project("{9A19103F-16F7-4668-BE54-9A1E7A4F7556}") = "ValiDoc.Unit.Tests", "test\ValiDoc.Unit.Tests\ValiDoc.Unit.Tests.csproj", "{9E582C97-46EA-42D0-AF01-235379DCE0F1}"
EndProject
Project("{FAE04EC0-301F-11D3-BF4B-00C04F79EFBC}") = "ValiDoc.CommonTest", "test\ValiDoc.CommonTest\ValiDoc.CommonTest.csproj", "{DB0EA988-2A86-4BB1-882B-5DE5A22B4C9F}"
EndProject
Global
	GlobalSection(SolutionConfigurationPlatforms) = preSolution
		Debug|Any CPU = Debug|Any CPU
		Debug|x64 = Debug|x64
		Debug|x86 = Debug|x86
		Release|Any CPU = Release|Any CPU
		Release|x64 = Release|x64
		Release|x86 = Release|x86
	EndGlobalSection
	GlobalSection(ProjectConfigurationPlatforms) = postSolution
		{AF3B8498-7352-4214-8B38-5E8EFC6C1383}.Debug|Any CPU.ActiveCfg = Debug|Any CPU
		{AF3B8498-7352-4214-8B38-5E8EFC6C1383}.Debug|Any CPU.Build.0 = Debug|Any CPU
		{AF3B8498-7352-4214-8B38-5E8EFC6C1383}.Debug|x64.ActiveCfg = Debug|Any CPU
		{AF3B8498-7352-4214-8B38-5E8EFC6C1383}.Debug|x64.Build.0 = Debug|Any CPU
		{AF3B8498-7352-4214-8B38-5E8EFC6C1383}.Debug|x86.ActiveCfg = Debug|Any CPU
		{AF3B8498-7352-4214-8B38-5E8EFC6C1383}.Debug|x86.Build.0 = Debug|Any CPU
		{AF3B8498-7352-4214-8B38-5E8EFC6C1383}.Release|Any CPU.ActiveCfg = Release|Any CPU
		{AF3B8498-7352-4214-8B38-5E8EFC6C1383}.Release|Any CPU.Build.0 = Release|Any CPU
		{AF3B8498-7352-4214-8B38-5E8EFC6C1383}.Release|x64.ActiveCfg = Release|Any CPU
		{AF3B8498-7352-4214-8B38-5E8EFC6C1383}.Release|x64.Build.0 = Release|Any CPU
		{AF3B8498-7352-4214-8B38-5E8EFC6C1383}.Release|x86.ActiveCfg = Release|Any CPU
		{AF3B8498-7352-4214-8B38-5E8EFC6C1383}.Release|x86.Build.0 = Release|Any CPU
		{340B7192-39B0-46B5-879F-DDD3DB515DAA}.Debug|Any CPU.ActiveCfg = Debug|Any CPU
		{340B7192-39B0-46B5-879F-DDD3DB515DAA}.Debug|Any CPU.Build.0 = Debug|Any CPU
		{340B7192-39B0-46B5-879F-DDD3DB515DAA}.Debug|x64.ActiveCfg = Debug|Any CPU
		{340B7192-39B0-46B5-879F-DDD3DB515DAA}.Debug|x64.Build.0 = Debug|Any CPU
		{340B7192-39B0-46B5-879F-DDD3DB515DAA}.Debug|x86.ActiveCfg = Debug|Any CPU
		{340B7192-39B0-46B5-879F-DDD3DB515DAA}.Debug|x86.Build.0 = Debug|Any CPU
		{340B7192-39B0-46B5-879F-DDD3DB515DAA}.Release|Any CPU.ActiveCfg = Release|Any CPU
		{340B7192-39B0-46B5-879F-DDD3DB515DAA}.Release|Any CPU.Build.0 = Release|Any CPU
		{340B7192-39B0-46B5-879F-DDD3DB515DAA}.Release|x64.ActiveCfg = Release|Any CPU
		{340B7192-39B0-46B5-879F-DDD3DB515DAA}.Release|x64.Build.0 = Release|Any CPU
		{340B7192-39B0-46B5-879F-DDD3DB515DAA}.Release|x86.ActiveCfg = Release|Any CPU
		{340B7192-39B0-46B5-879F-DDD3DB515DAA}.Release|x86.Build.0 = Release|Any CPU
		{9E582C97-46EA-42D0-AF01-235379DCE0F1}.Debug|Any CPU.ActiveCfg = Debug|Any CPU
		{9E582C97-46EA-42D0-AF01-235379DCE0F1}.Debug|Any CPU.Build.0 = Debug|Any CPU
		{9E582C97-46EA-42D0-AF01-235379DCE0F1}.Debug|x64.ActiveCfg = Debug|Any CPU
		{9E582C97-46EA-42D0-AF01-235379DCE0F1}.Debug|x64.Build.0 = Debug|Any CPU
		{9E582C97-46EA-42D0-AF01-235379DCE0F1}.Debug|x86.ActiveCfg = Debug|Any CPU
		{9E582C97-46EA-42D0-AF01-235379DCE0F1}.Debug|x86.Build.0 = Debug|Any CPU
		{9E582C97-46EA-42D0-AF01-235379DCE0F1}.Release|Any CPU.ActiveCfg = Release|Any CPU
		{9E582C97-46EA-42D0-AF01-235379DCE0F1}.Release|Any CPU.Build.0 = Release|Any CPU
		{9E582C97-46EA-42D0-AF01-235379DCE0F1}.Release|x64.ActiveCfg = Release|Any CPU
		{9E582C97-46EA-42D0-AF01-235379DCE0F1}.Release|x64.Build.0 = Release|Any CPU
		{9E582C97-46EA-42D0-AF01-235379DCE0F1}.Release|x86.ActiveCfg = Release|Any CPU
		{9E582C97-46EA-42D0-AF01-235379DCE0F1}.Release|x86.Build.0 = Release|Any CPU
		{DB0EA988-2A86-4BB1-882B-5DE5A22B4C9F}.Debug|Any CPU.ActiveCfg = Debug|Any CPU
		{DB0EA988-2A86-4BB1-882B-5DE5A22B4C9F}.Debug|Any CPU.Build.0 = Debug|Any CPU
		{DB0EA988-2A86-4BB1-882B-5DE5A22B4C9F}.Debug|x64.ActiveCfg = Debug|Any CPU
		{DB0EA988-2A86-4BB1-882B-5DE5A22B4C9F}.Debug|x64.Build.0 = Debug|Any CPU
		{DB0EA988-2A86-4BB1-882B-5DE5A22B4C9F}.Debug|x86.ActiveCfg = Debug|Any CPU
		{DB0EA988-2A86-4BB1-882B-5DE5A22B4C9F}.Debug|x86.Build.0 = Debug|Any CPU
		{DB0EA988-2A86-4BB1-882B-5DE5A22B4C9F}.Release|Any CPU.ActiveCfg = Release|Any CPU
		{DB0EA988-2A86-4BB1-882B-5DE5A22B4C9F}.Release|Any CPU.Build.0 = Release|Any CPU
		{DB0EA988-2A86-4BB1-882B-5DE5A22B4C9F}.Release|x64.ActiveCfg = Release|Any CPU
		{DB0EA988-2A86-4BB1-882B-5DE5A22B4C9F}.Release|x64.Build.0 = Release|Any CPU
		{DB0EA988-2A86-4BB1-882B-5DE5A22B4C9F}.Release|x86.ActiveCfg = Release|Any CPU
		{DB0EA988-2A86-4BB1-882B-5DE5A22B4C9F}.Release|x86.Build.0 = Release|Any CPU
	EndGlobalSection
	GlobalSection(SolutionProperties) = preSolution
		HideSolutionNode = FALSE
	EndGlobalSection
	GlobalSection(NestedProjects) = preSolution
		{AF3B8498-7352-4214-8B38-5E8EFC6C1383} = {8E3E523D-6081-4793-9ED9-653B850F0558}
		{340B7192-39B0-46B5-879F-DDD3DB515DAA} = {8E8F4068-C3EA-4495-950A-8EA094C91A0F}
		{9E582C97-46EA-42D0-AF01-235379DCE0F1} = {8E8F4068-C3EA-4495-950A-8EA094C91A0F}
		{DB0EA988-2A86-4BB1-882B-5DE5A22B4C9F} = {8E8F4068-C3EA-4495-950A-8EA094C91A0F}
	EndGlobalSection
	GlobalSection(ExtensibilityGlobals) = postSolution
		SolutionGuid = {CC3FDE81-E2EA-462E-AB99-080A5A2888F3}
	EndGlobalSection
EndGlobal
